// !$*UTF8*$!
{
	archiveVersion = 1;
	classes = {
	};
	objectVersion = 50;
	objects = {

/* Begin PBXBuildFile section */
		BCEF5A15258A7422008BA776 /* AppDelegate.swift in Sources */ = {isa = PBXBuildFile; fileRef = BCEF5A14258A7422008BA776 /* AppDelegate.swift */; };
		BCEF5A17258A7422008BA776 /* SceneDelegate.swift in Sources */ = {isa = PBXBuildFile; fileRef = BCEF5A16258A7422008BA776 /* SceneDelegate.swift */; };
		BCEF5A1E258A7424008BA776 /* Assets.xcassets in Resources */ = {isa = PBXBuildFile; fileRef = BCEF5A1D258A7424008BA776 /* Assets.xcassets */; };
		BCEF5A21258A7424008BA776 /* LaunchScreen.storyboard in Resources */ = {isa = PBXBuildFile; fileRef = BCEF5A1F258A7424008BA776 /* LaunchScreen.storyboard */; };
		BCEF5A2C258A7425008BA776 /* DynamicTableTests.swift in Sources */ = {isa = PBXBuildFile; fileRef = BCEF5A2B258A7425008BA776 /* DynamicTableTests.swift */; };
		BCEF5A38258A7802008BA776 /* FactsListViewController.swift in Sources */ = {isa = PBXBuildFile; fileRef = BCEF5A37258A7802008BA776 /* FactsListViewController.swift */; };
		BCEF5A3B258A79F8008BA776 /* FactsModel.swift in Sources */ = {isa = PBXBuildFile; fileRef = BCEF5A3A258A79F8008BA776 /* FactsModel.swift */; };
		BCEF5A3E258A7B58008BA776 /* FactsListTableViewCell.swift in Sources */ = {isa = PBXBuildFile; fileRef = BCEF5A3D258A7B58008BA776 /* FactsListTableViewCell.swift */; };
		BCEF5A40258A8049008BA776 /* FactCellView.swift in Sources */ = {isa = PBXBuildFile; fileRef = BCEF5A3F258A8049008BA776 /* FactCellView.swift */; };
		BCEF5A44258A83D5008BA776 /* ApiClient.swift in Sources */ = {isa = PBXBuildFile; fileRef = BCEF5A43258A83D5008BA776 /* ApiClient.swift */; };
		BCEF5A46258A8980008BA776 /* Constants.swift in Sources */ = {isa = PBXBuildFile; fileRef = BCEF5A45258A8980008BA776 /* Constants.swift */; };
		BCEF5A49258A8F74008BA776 /* FactsViewModel.swift in Sources */ = {isa = PBXBuildFile; fileRef = BCEF5A48258A8F74008BA776 /* FactsViewModel.swift */; };
/* End PBXBuildFile section */

/* Begin PBXContainerItemProxy section */
		BCEF5A28258A7425008BA776 /* PBXContainerItemProxy */ = {
			isa = PBXContainerItemProxy;
			containerPortal = BCEF5A09258A7422008BA776 /* Project object */;
			proxyType = 1;
			remoteGlobalIDString = BCEF5A10258A7422008BA776;
			remoteInfo = DynamicTable;
		};
/* End PBXContainerItemProxy section */

/* Begin PBXFileReference section */
		BCEF5A11258A7422008BA776 /* DynamicTable.app */ = {isa = PBXFileReference; explicitFileType = wrapper.application; includeInIndex = 0; path = DynamicTable.app; sourceTree = BUILT_PRODUCTS_DIR; };
		BCEF5A14258A7422008BA776 /* AppDelegate.swift */ = {isa = PBXFileReference; lastKnownFileType = sourcecode.swift; path = AppDelegate.swift; sourceTree = "<group>"; };
		BCEF5A16258A7422008BA776 /* SceneDelegate.swift */ = {isa = PBXFileReference; lastKnownFileType = sourcecode.swift; path = SceneDelegate.swift; sourceTree = "<group>"; };
		BCEF5A1D258A7424008BA776 /* Assets.xcassets */ = {isa = PBXFileReference; lastKnownFileType = folder.assetcatalog; path = Assets.xcassets; sourceTree = "<group>"; };
		BCEF5A20258A7424008BA776 /* Base */ = {isa = PBXFileReference; lastKnownFileType = file.storyboard; name = Base; path = Base.lproj/LaunchScreen.storyboard; sourceTree = "<group>"; };
		BCEF5A22258A7424008BA776 /* Info.plist */ = {isa = PBXFileReference; lastKnownFileType = text.plist.xml; path = Info.plist; sourceTree = "<group>"; };
		BCEF5A27258A7425008BA776 /* DynamicTableTests.xctest */ = {isa = PBXFileReference; explicitFileType = wrapper.cfbundle; includeInIndex = 0; path = DynamicTableTests.xctest; sourceTree = BUILT_PRODUCTS_DIR; };
		BCEF5A2B258A7425008BA776 /* DynamicTableTests.swift */ = {isa = PBXFileReference; lastKnownFileType = sourcecode.swift; path = DynamicTableTests.swift; sourceTree = "<group>"; };
		BCEF5A2D258A7425008BA776 /* Info.plist */ = {isa = PBXFileReference; lastKnownFileType = text.plist.xml; path = Info.plist; sourceTree = "<group>"; };
		BCEF5A37258A7802008BA776 /* FactsListViewController.swift */ = {isa = PBXFileReference; lastKnownFileType = sourcecode.swift; path = FactsListViewController.swift; sourceTree = "<group>"; };
		BCEF5A3A258A79F8008BA776 /* FactsModel.swift */ = {isa = PBXFileReference; lastKnownFileType = sourcecode.swift; path = FactsModel.swift; sourceTree = "<group>"; };
		BCEF5A3D258A7B58008BA776 /* FactsListTableViewCell.swift */ = {isa = PBXFileReference; lastKnownFileType = sourcecode.swift; path = FactsListTableViewCell.swift; sourceTree = "<group>"; };
		BCEF5A3F258A8049008BA776 /* FactCellView.swift */ = {isa = PBXFileReference; lastKnownFileType = sourcecode.swift; path = FactCellView.swift; sourceTree = "<group>"; };
		BCEF5A43258A83D5008BA776 /* ApiClient.swift */ = {isa = PBXFileReference; lastKnownFileType = sourcecode.swift; path = ApiClient.swift; sourceTree = "<group>"; };
		BCEF5A45258A8980008BA776 /* Constants.swift */ = {isa = PBXFileReference; lastKnownFileType = sourcecode.swift; path = Constants.swift; sourceTree = "<group>"; };
		BCEF5A48258A8F74008BA776 /* FactsViewModel.swift */ = {isa = PBXFileReference; lastKnownFileType = sourcecode.swift; path = FactsViewModel.swift; sourceTree = "<group>"; };
/* End PBXFileReference section */

/* Begin PBXFrameworksBuildPhase section */
		BCEF5A0E258A7422008BA776 /* Frameworks */ = {
			isa = PBXFrameworksBuildPhase;
			buildActionMask = 2147483647;
			files = (
			);
			runOnlyForDeploymentPostprocessing = 0;
		};
		BCEF5A24258A7425008BA776 /* Frameworks */ = {
			isa = PBXFrameworksBuildPhase;
			buildActionMask = 2147483647;
			files = (
			);
			runOnlyForDeploymentPostprocessing = 0;
		};
/* End PBXFrameworksBuildPhase section */

/* Begin PBXGroup section */
		BCEF5A08258A7422008BA776 = {
			isa = PBXGroup;
			children = (
				BCEF5A13258A7422008BA776 /* DynamicTable */,
				BCEF5A2A258A7425008BA776 /* DynamicTableTests */,
				BCEF5A12258A7422008BA776 /* Products */,
			);
			sourceTree = "<group>";
		};
		BCEF5A12258A7422008BA776 /* Products */ = {
			isa = PBXGroup;
			children = (
				BCEF5A11258A7422008BA776 /* DynamicTable.app */,
				BCEF5A27258A7425008BA776 /* DynamicTableTests.xctest */,
			);
			name = Products;
			sourceTree = "<group>";
		};
		BCEF5A13258A7422008BA776 /* DynamicTable */ = {
			isa = PBXGroup;
			children = (
				BCEF5A47258A8F3F008BA776 /* ViewModel */,
				BCEF5A42258A8392008BA776 /* Networking */,
				BCEF5A41258A8075008BA776 /* Common Utils  */,
				BCEF5A3C258A7B34008BA776 /* Views */,
				BCEF5A39258A79C8008BA776 /* Model */,
				BCEF5A36258A77E6008BA776 /* Controllers */,
				BCEF5A14258A7422008BA776 /* AppDelegate.swift */,
				BCEF5A16258A7422008BA776 /* SceneDelegate.swift */,
				BCEF5A1D258A7424008BA776 /* Assets.xcassets */,
				BCEF5A1F258A7424008BA776 /* LaunchScreen.storyboard */,
				BCEF5A22258A7424008BA776 /* Info.plist */,
			);
			path = DynamicTable;
			sourceTree = "<group>";
		};
		BCEF5A2A258A7425008BA776 /* DynamicTableTests */ = {
			isa = PBXGroup;
			children = (
				BCEF5A2B258A7425008BA776 /* DynamicTableTests.swift */,
				BCEF5A2D258A7425008BA776 /* Info.plist */,
			);
			path = DynamicTableTests;
			sourceTree = "<group>";
		};
		BCEF5A36258A77E6008BA776 /* Controllers */ = {
			isa = PBXGroup;
			children = (
				BCEF5A37258A7802008BA776 /* FactsListViewController.swift */,
			);
			path = Controllers;
			sourceTree = "<group>";
		};
		BCEF5A39258A79C8008BA776 /* Model */ = {
			isa = PBXGroup;
			children = (
				BCEF5A3A258A79F8008BA776 /* FactsModel.swift */,
			);
			path = Model;
			sourceTree = "<group>";
		};
		BCEF5A3C258A7B34008BA776 /* Views */ = {
			isa = PBXGroup;
			children = (
				BCEF5A3D258A7B58008BA776 /* FactsListTableViewCell.swift */,
				BCEF5A3F258A8049008BA776 /* FactCellView.swift */,
			);
			path = Views;
			sourceTree = "<group>";
		};
		BCEF5A41258A8075008BA776 /* Common Utils  */ = {
			isa = PBXGroup;
			children = (
				BCEF5A45258A8980008BA776 /* Constants.swift */,
			);
			path = "Common Utils ";
			sourceTree = "<group>";
		};
		BCEF5A42258A8392008BA776 /* Networking */ = {
			isa = PBXGroup;
			children = (
				BCEF5A43258A83D5008BA776 /* ApiClient.swift */,
			);
			path = Networking;
			sourceTree = "<group>";
		};
		BCEF5A47258A8F3F008BA776 /* ViewModel */ = {
			isa = PBXGroup;
			children = (
				BCEF5A48258A8F74008BA776 /* FactsViewModel.swift */,
			);
			path = ViewModel;
			sourceTree = "<group>";
		};
/* End PBXGroup section */

/* Begin PBXNativeTarget section */
		BCEF5A10258A7422008BA776 /* DynamicTable */ = {
			isa = PBXNativeTarget;
			buildConfigurationList = BCEF5A30258A7425008BA776 /* Build configuration list for PBXNativeTarget "DynamicTable" */;
			buildPhases = (
				BCEF5A0D258A7422008BA776 /* Sources */,
				BCEF5A0E258A7422008BA776 /* Frameworks */,
				BCEF5A0F258A7422008BA776 /* Resources */,
			);
			buildRules = (
			);
			dependencies = (
			);
			name = DynamicTable;
			productName = DynamicTable;
			productReference = BCEF5A11258A7422008BA776 /* DynamicTable.app */;
			productType = "com.apple.product-type.application";
		};
		BCEF5A26258A7425008BA776 /* DynamicTableTests */ = {
			isa = PBXNativeTarget;
			buildConfigurationList = BCEF5A33258A7425008BA776 /* Build configuration list for PBXNativeTarget "DynamicTableTests" */;
			buildPhases = (
				BCEF5A23258A7425008BA776 /* Sources */,
				BCEF5A24258A7425008BA776 /* Frameworks */,
				BCEF5A25258A7425008BA776 /* Resources */,
			);
			buildRules = (
			);
			dependencies = (
				BCEF5A29258A7425008BA776 /* PBXTargetDependency */,
			);
			name = DynamicTableTests;
			productName = DynamicTableTests;
			productReference = BCEF5A27258A7425008BA776 /* DynamicTableTests.xctest */;
			productType = "com.apple.product-type.bundle.unit-test";
		};
/* End PBXNativeTarget section */

/* Begin PBXProject section */
		BCEF5A09258A7422008BA776 /* Project object */ = {
			isa = PBXProject;
			attributes = {
				LastSwiftUpdateCheck = 1160;
				LastUpgradeCheck = 1160;
				ORGANIZATIONNAME = "Ankita ";
				TargetAttributes = {
					BCEF5A10258A7422008BA776 = {
						CreatedOnToolsVersion = 11.6;
					};
					BCEF5A26258A7425008BA776 = {
						CreatedOnToolsVersion = 11.6;
						TestTargetID = BCEF5A10258A7422008BA776;
					};
				};
			};
			buildConfigurationList = BCEF5A0C258A7422008BA776 /* Build configuration list for PBXProject "DynamicTable" */;
			compatibilityVersion = "Xcode 9.3";
			developmentRegion = en;
			hasScannedForEncodings = 0;
			knownRegions = (
				en,
				Base,
			);
			mainGroup = BCEF5A08258A7422008BA776;
			productRefGroup = BCEF5A12258A7422008BA776 /* Products */;
			projectDirPath = "";
			projectRoot = "";
			targets = (
				BCEF5A10258A7422008BA776 /* DynamicTable */,
				BCEF5A26258A7425008BA776 /* DynamicTableTests */,
			);
		};
/* End PBXProject section */

/* Begin PBXResourcesBuildPhase section */
		BCEF5A0F258A7422008BA776 /* Resources */ = {
			isa = PBXResourcesBuildPhase;
			buildActionMask = 2147483647;
			files = (
				BCEF5A21258A7424008BA776 /* LaunchScreen.storyboard in Resources */,
				BCEF5A1E258A7424008BA776 /* Assets.xcassets in Resources */,
			);
			runOnlyForDeploymentPostprocessing = 0;
		};
		BCEF5A25258A7425008BA776 /* Resources */ = {
			isa = PBXResourcesBuildPhase;
			buildActionMask = 2147483647;
			files = (
			);
			runOnlyForDeploymentPostprocessing = 0;
		};
/* End PBXResourcesBuildPhase section */

/* Begin PBXSourcesBuildPhase section */
		BCEF5A0D258A7422008BA776 /* Sources */ = {
			isa = PBXSourcesBuildPhase;
			buildActionMask = 2147483647;
			files = (
				BCEF5A3E258A7B58008BA776 /* FactsListTableViewCell.swift in Sources */,
				BCEF5A38258A7802008BA776 /* FactsListViewController.swift in Sources */,
				BCEF5A44258A83D5008BA776 /* ApiClient.swift in Sources */,
				BCEF5A49258A8F74008BA776 /* FactsViewModel.swift in Sources */,
				BCEF5A3B258A79F8008BA776 /* FactsModel.swift in Sources */,
				BCEF5A15258A7422008BA776 /* AppDelegate.swift in Sources */,
				BCEF5A40258A8049008BA776 /* FactCellView.swift in Sources */,
				BCEF5A17258A7422008BA776 /* SceneDelegate.swift in Sources */,
				BCEF5A46258A8980008BA776 /* Constants.swift in Sources */,
			);
			runOnlyForDeploymentPostprocessing = 0;
		};
		BCEF5A23258A7425008BA776 /* Sources */ = {
			isa = PBXSourcesBuildPhase;
			buildActionMask = 2147483647;
			files = (
				BCEF5A2C258A7425008BA776 /* DynamicTableTests.swift in Sources */,
			);
			runOnlyForDeploymentPostprocessing = 0;
		};
/* End PBXSourcesBuildPhase section */

/* Begin PBXTargetDependency section */
		BCEF5A29258A7425008BA776 /* PBXTargetDependency */ = {
			isa = PBXTargetDependency;
			target = BCEF5A10258A7422008BA776 /* DynamicTable */;
			targetProxy = BCEF5A28258A7425008BA776 /* PBXContainerItemProxy */;
		};
/* End PBXTargetDependency section */

/* Begin PBXVariantGroup section */
		BCEF5A1F258A7424008BA776 /* LaunchScreen.storyboard */ = {
			isa = PBXVariantGroup;
			children = (
				BCEF5A20258A7424008BA776 /* Base */,
			);
			name = LaunchScreen.storyboard;
			sourceTree = "<group>";
		};
/* End PBXVariantGroup section */

/* Begin XCBuildConfiguration section */
		BCEF5A2E258A7425008BA776 /* Debug */ = {
			isa = XCBuildConfiguration;
			buildSettings = {
				ALWAYS_SEARCH_USER_PATHS = NO;
				CLANG_ANALYZER_NONNULL = YES;
				CLANG_ANALYZER_NUMBER_OBJECT_CONVERSION = YES_AGGRESSIVE;
				CLANG_CXX_LANGUAGE_STANDARD = "gnu++14";
				CLANG_CXX_LIBRARY = "libc++";
				CLANG_ENABLE_MODULES = YES;
				CLANG_ENABLE_OBJC_ARC = YES;
				CLANG_ENABLE_OBJC_WEAK = YES;
				CLANG_WARN_BLOCK_CAPTURE_AUTORELEASING = YES;
				CLANG_WARN_BOOL_CONVERSION = YES;
				CLANG_WARN_COMMA = YES;
				CLANG_WARN_CONSTANT_CONVERSION = YES;
				CLANG_WARN_DEPRECATED_OBJC_IMPLEMENTATIONS = YES;
				CLANG_WARN_DIRECT_OBJC_ISA_USAGE = YES_ERROR;
				CLANG_WARN_DOCUMENTATION_COMMENTS = YES;
				CLANG_WARN_EMPTY_BODY = YES;
				CLANG_WARN_ENUM_CONVERSION = YES;
				CLANG_WARN_INFINITE_RECURSION = YES;
				CLANG_WARN_INT_CONVERSION = YES;
				CLANG_WARN_NON_LITERAL_NULL_CONVERSION = YES;
				CLANG_WARN_OBJC_IMPLICIT_RETAIN_SELF = YES;
				CLANG_WARN_OBJC_LITERAL_CONVERSION = YES;
				CLANG_WARN_OBJC_ROOT_CLASS = YES_ERROR;
				CLANG_WARN_RANGE_LOOP_ANALYSIS = YES;
				CLANG_WARN_STRICT_PROTOTYPES = YES;
				CLANG_WARN_SUSPICIOUS_MOVE = YES;
				CLANG_WARN_UNGUARDED_AVAILABILITY = YES_AGGRESSIVE;
				CLANG_WARN_UNREACHABLE_CODE = YES;
				CLANG_WARN__DUPLICATE_METHOD_MATCH = YES;
				COPY_PHASE_STRIP = NO;
				DEBUG_INFORMATION_FORMAT = dwarf;
				ENABLE_STRICT_OBJC_MSGSEND = YES;
				ENABLE_TESTABILITY = YES;
				GCC_C_LANGUAGE_STANDARD = gnu11;
				GCC_DYNAMIC_NO_PIC = NO;
				GCC_NO_COMMON_BLOCKS = YES;
				GCC_OPTIMIZATION_LEVEL = 0;
				GCC_PREPROCESSOR_DEFINITIONS = (
					"DEBUG=1",
					"$(inherited)",
				);
				GCC_WARN_64_TO_32_BIT_CONVERSION = YES;
				GCC_WARN_ABOUT_RETURN_TYPE = YES_ERROR;
				GCC_WARN_UNDECLARED_SELECTOR = YES;
				GCC_WARN_UNINITIALIZED_AUTOS = YES_AGGRESSIVE;
				GCC_WARN_UNUSED_FUNCTION = YES;
				GCC_WARN_UNUSED_VARIABLE = YES;
				IPHONEOS_DEPLOYMENT_TARGET = 13.6;
				MTL_ENABLE_DEBUG_INFO = INCLUDE_SOURCE;
				MTL_FAST_MATH = YES;
				ONLY_ACTIVE_ARCH = YES;
				SDKROOT = iphoneos;
				SWIFT_ACTIVE_COMPILATION_CONDITIONS = DEBUG;
				SWIFT_OPTIMIZATION_LEVEL = "-Onone";
			};
			name = Debug;
		};
		BCEF5A2F258A7425008BA776 /* Release */ = {
			isa = XCBuildConfiguration;
			buildSettings = {
				ALWAYS_SEARCH_USER_PATHS = NO;
				CLANG_ANALYZER_NONNULL = YES;
				CLANG_ANALYZER_NUMBER_OBJECT_CONVERSION = YES_AGGRESSIVE;
				CLANG_CXX_LANGUAGE_STANDARD = "gnu++14";
				CLANG_CXX_LIBRARY = "libc++";
				CLANG_ENABLE_MODULES = YES;
				CLANG_ENABLE_OBJC_ARC = YES;
				CLANG_ENABLE_OBJC_WEAK = YES;
				CLANG_WARN_BLOCK_CAPTURE_AUTORELEASING = YES;
				CLANG_WARN_BOOL_CONVERSION = YES;
				CLANG_WARN_COMMA = YES;
				CLANG_WARN_CONSTANT_CONVERSION = YES;
				CLANG_WARN_DEPRECATED_OBJC_IMPLEMENTATIONS = YES;
				CLANG_WARN_DIRECT_OBJC_ISA_USAGE = YES_ERROR;
				CLANG_WARN_DOCUMENTATION_COMMENTS = YES;
				CLANG_WARN_EMPTY_BODY = YES;
				CLANG_WARN_ENUM_CONVERSION = YES;
				CLANG_WARN_INFINITE_RECURSION = YES;
				CLANG_WARN_INT_CONVERSION = YES;
				CLANG_WARN_NON_LITERAL_NULL_CONVERSION = YES;
				CLANG_WARN_OBJC_IMPLICIT_RETAIN_SELF = YES;
				CLANG_WARN_OBJC_LITERAL_CONVERSION = YES;
				CLANG_WARN_OBJC_ROOT_CLASS = YES_ERROR;
				CLANG_WARN_RANGE_LOOP_ANALYSIS = YES;
				CLANG_WARN_STRICT_PROTOTYPES = YES;
				CLANG_WARN_SUSPICIOUS_MOVE = YES;
				CLANG_WARN_UNGUARDED_AVAILABILITY = YES_AGGRESSIVE;
				CLANG_WARN_UNREACHABLE_CODE = YES;
				CLANG_WARN__DUPLICATE_METHOD_MATCH = YES;
				COPY_PHASE_STRIP = NO;
				DEBUG_INFORMATION_FORMAT = "dwarf-with-dsym";
				ENABLE_NS_ASSERTIONS = NO;
				ENABLE_STRICT_OBJC_MSGSEND = YES;
				GCC_C_LANGUAGE_STANDARD = gnu11;
				GCC_NO_COMMON_BLOCKS = YES;
				GCC_WARN_64_TO_32_BIT_CONVERSION = YES;
				GCC_WARN_ABOUT_RETURN_TYPE = YES_ERROR;
				GCC_WARN_UNDECLARED_SELECTOR = YES;
				GCC_WARN_UNINITIALIZED_AUTOS = YES_AGGRESSIVE;
				GCC_WARN_UNUSED_FUNCTION = YES;
				GCC_WARN_UNUSED_VARIABLE = YES;
				IPHONEOS_DEPLOYMENT_TARGET = 13.6;
				MTL_ENABLE_DEBUG_INFO = NO;
				MTL_FAST_MATH = YES;
				SDKROOT = iphoneos;
				SWIFT_COMPILATION_MODE = wholemodule;
				SWIFT_OPTIMIZATION_LEVEL = "-O";
				VALIDATE_PRODUCT = YES;
			};
			name = Release;
		};
		BCEF5A31258A7425008BA776 /* Debug */ = {
			isa = XCBuildConfiguration;
			buildSettings = {
				ASSETCATALOG_COMPILER_APPICON_NAME = AppIcon;
				CODE_SIGN_STYLE = Automatic;
				INFOPLIST_FILE = DynamicTable/Info.plist;
				IPHONEOS_DEPLOYMENT_TARGET = 11.0;
				LD_RUNPATH_SEARCH_PATHS = (
					"$(inherited)",
					"@executable_path/Frameworks",
				);
				PRODUCT_BUNDLE_IDENTIFIER = com.ankita.DynamicTable;
				PRODUCT_NAME = "$(TARGET_NAME)";
				SWIFT_VERSION = 5.0;
				TARGETED_DEVICE_FAMILY = "1,2";
			};
			name = Debug;
		};
		BCEF5A32258A7425008BA776 /* Release */ = {
			isa = XCBuildConfiguration;
			buildSettings = {
				ASSETCATALOG_COMPILER_APPICON_NAME = AppIcon;
				CODE_SIGN_STYLE = Automatic;
				INFOPLIST_FILE = DynamicTable/Info.plist;
				IPHONEOS_DEPLOYMENT_TARGET = 11.0;
				LD_RUNPATH_SEARCH_PATHS = (
					"$(inherited)",
					"@executable_path/Frameworks",
				);
				PRODUCT_BUNDLE_IDENTIFIER = com.ankita.DynamicTable;
				PRODUCT_NAME = "$(TARGET_NAME)";
				SWIFT_VERSION = 5.0;
				TARGETED_DEVICE_FAMILY = "1,2";
			};
			name = Release;
		};
		BCEF5A34258A7425008BA776 /* Debug */ = {
			isa = XCBuildConfiguration;
			buildSettings = {
				ALWAYS_EMBED_SWIFT_STANDARD_LIBRARIES = YES;
				BUNDLE_LOADER = "$(TEST_HOST)";
				CODE_SIGN_STYLE = Automatic;
				INFOPLIST_FILE = DynamicTableTests/Info.plist;
				IPHONEOS_DEPLOYMENT_TARGET = 13.6;
				LD_RUNPATH_SEARCH_PATHS = (
					"$(inherited)",
					"@executable_path/Frameworks",
					"@loader_path/Frameworks",
				);
				PRODUCT_BUNDLE_IDENTIFIER = com.ankita.DynamicTableTests;
				PRODUCT_NAME = "$(TARGET_NAME)";
				SWIFT_VERSION = 5.0;
				TARGETED_DEVICE_FAMILY = "1,2";
				TEST_HOST = "$(BUILT_PRODUCTS_DIR)/DynamicTable.app/DynamicTable";
			};
			name = Debug;
		};
		BCEF5A35258A7425008BA776 /* Release */ = {
			isa = XCBuildConfiguration;
			buildSettings = {
				ALWAYS_EMBED_SWIFT_STANDARD_LIBRARIES = YES;
				BUNDLE_LOADER = "$(TEST_HOST)";
				CODE_SIGN_STYLE = Automatic;
				INFOPLIST_FILE = DynamicTableTests/Info.plist;
				IPHONEOS_DEPLOYMENT_TARGET = 13.6;
				LD_RUNPATH_SEARCH_PATHS = (
					"$(inherited)",
					"@executable_path/Frameworks",
					"@loader_path/Frameworks",
				);
				PRODUCT_BUNDLE_IDENTIFIER = com.ankita.DynamicTableTests;
				PRODUCT_NAME = "$(TARGET_NAME)";
				SWIFT_VERSION = 5.0;
				TARGETED_DEVICE_FAMILY = "1,2";
				TEST_HOST = "$(BUILT_PRODUCTS_DIR)/DynamicTable.app/DynamicTable";
			};
			name = Release;
		};
/* End XCBuildConfiguration section */

/* Begin XCConfigurationList section */
		BCEF5A0C258A7422008BA776 /* Build configuration list for PBXProject "DynamicTable" */ = {
			isa = XCConfigurationList;
			buildConfigurations = (
				BCEF5A2E258A7425008BA776 /* Debug */,
				BCEF5A2F258A7425008BA776 /* Release */,
			);
			defaultConfigurationIsVisible = 0;
			defaultConfigurationName = Release;
		};
		BCEF5A30258A7425008BA776 /* Build configuration list for PBXNativeTarget "DynamicTable" */ = {
			isa = XCConfigurationList;
			buildConfigurations = (
				BCEF5A31258A7425008BA776 /* Debug */,
				BCEF5A32258A7425008BA776 /* Release */,
			);
			defaultConfigurationIsVisible = 0;
			defaultConfigurationName = Release;
		};
		BCEF5A33258A7425008BA776 /* Build configuration list for PBXNativeTarget "DynamicTableTests" */ = {
			isa = XCConfigurationList;
			buildConfigurations = (
				BCEF5A34258A7425008BA776 /* Debug */,
				BCEF5A35258A7425008BA776 /* Release */,
			);
			defaultConfigurationIsVisible = 0;
			defaultConfigurationName = Release;
		};
/* End XCConfigurationList section */
	};
	rootObject = BCEF5A09258A7422008BA776 /* Project object */;
}
